
Microsoft Visual Studio Solution File, Format Version 12.00
# Visual Studio Version 17
VisualStudioVersion = 17.8.34408.163
MinimumVisualStudioVersion = 10.0.40219.1
Project("{FAE04EC0-301F-11D3-BF4B-00C04F79EFBC}") = "_RockPaperScissors", "_RockPaperScissors.csproj", "{E58D160F-0731-4441-86B1-60A67B67B959}"
EndProject
Global
	GlobalSection(SolutionConfigurationPlatforms) = preSolution
		Debug|Any CPU = Debug|Any CPU
		Release|Any CPU = Release|Any CPU
	EndGlobalSection
	GlobalSection(ProjectConfigurationPlatforms) = postSolution
		{E58D160F-0731-4441-86B1-60A67B67B959}.Debug|Any CPU.ActiveCfg = Debug|Any CPU
		{E58D160F-0731-4441-86B1-60A67B67B959}.Debug|Any CPU.Build.0 = Debug|Any CPU
		{E58D160F-0731-4441-86B1-60A67B67B959}.Release|Any CPU.ActiveCfg = Release|Any CPU
		{E58D160F-0731-4441-86B1-60A67B67B959}.Release|Any CPU.Build.0 = Release|Any CPU
	EndGlobalSection
	GlobalSection(SolutionProperties) = preSolution
		HideSolutionNode = FALSE
	EndGlobalSection
	GlobalSection(ExtensibilityGlobals) = postSolution
		SolutionGuid = {E52B1E52-B655-4852-8F83-38B89F34B6DE}
	EndGlobalSection
EndGlobal
